
Microsoft Visual Studio Solution File, Format Version 12.00
# Visual Studio Version 17
VisualStudioVersion = 17.5.001.0
MinimumVisualStudioVersion = 10.0.40219.1
Project("{9A19103F-16F7-4668-BE54-9A1E7A4F7556}") = "program-runner", "program-runner.csproj", "{A446ABA7-11C0-4BAA-8E24-73FD9EF60713}"
EndProject
Global
	GlobalSection(SolutionConfigurationPlatforms) = preSolution
		Debug|Any CPU = Debug|Any CPU
		Release|Any CPU = Release|Any CPU
	EndGlobalSection
	GlobalSection(ProjectConfigurationPlatforms) = postSolution
		{A446ABA7-11C0-4BAA-8E24-73FD9EF60713}.Debug|Any CPU.ActiveCfg = Debug|Any CPU
		{A446ABA7-11C0-4BAA-8E24-73FD9EF60713}.Debug|Any CPU.Build.0 = Debug|Any CPU
		{A446ABA7-11C0-4BAA-8E24-73FD9EF60713}.Release|Any CPU.ActiveCfg = Release|Any CPU
		{A446ABA7-11C0-4BAA-8E24-73FD9EF60713}.Release|Any CPU.Build.0 = Release|Any CPU
	EndGlobalSection
	GlobalSection(SolutionProperties) = preSolution
		HideSolutionNode = FALSE
	EndGlobalSection
	GlobalSection(ExtensibilityGlobals) = postSolution
		SolutionGuid = {D591C437-D98A-49E9-B569-C49AB60584DE}
	EndGlobalSection
EndGlobal
